// !$*UTF8*$!
{
	archiveVersion = 1;
	classes = {
	};
	objectVersion = 56;
	objects = {

/* Begin PBXBuildFile section */
		AB32E6412B014EA5009C8E7C /* countries.json in Resources */ = {isa = PBXBuildFile; fileRef = AB32E6402B014EA5009C8E7C /* countries.json */; };
		AB32E6432B01632F009C8E7C /* Bundle-decode.swift in Sources */ = {isa = PBXBuildFile; fileRef = AB32E6422B01632F009C8E7C /* Bundle-decode.swift */; };
		AB32E6452B016386009C8E7C /* FlagItem.swift in Sources */ = {isa = PBXBuildFile; fileRef = AB32E6442B016386009C8E7C /* FlagItem.swift */; };
		AB3DC89D2B0903F000F0E631 /* ViewController.swift in Sources */ = {isa = PBXBuildFile; fileRef = AB3DC89B2B0903F000F0E631 /* ViewController.swift */; };
		AB3DC89E2B0903F000F0E631 /* Main.storyboard in Resources */ = {isa = PBXBuildFile; fileRef = AB3DC89C2B0903F000F0E631 /* Main.storyboard */; };
		AB3DC8A02B0904DA00F0E631 /* SwiftGlobeBridgeView.swift in Sources */ = {isa = PBXBuildFile; fileRef = AB3DC89F2B0904DA00F0E631 /* SwiftGlobeBridgeView.swift */; };
		AB3DC8A82B09534A00F0E631 /* MapTabView.swift in Sources */ = {isa = PBXBuildFile; fileRef = AB3DC8A62B09534A00F0E631 /* MapTabView.swift */; };
		AB3DC8A92B09534A00F0E631 /* LocationModel.swift in Sources */ = {isa = PBXBuildFile; fileRef = AB3DC8A72B09534A00F0E631 /* LocationModel.swift */; };
		AB4E84832B03B58D00582923 /* README.md in Resources */ = {isa = PBXBuildFile; fileRef = AB4E84822B03B58D00582923 /* README.md */; };
		AB4E84872B03DFB500582923 /* _notes.txt in Resources */ = {isa = PBXBuildFile; fileRef = AB4E84862B03DFB500582923 /* _notes.txt */; };
		AB8A75912B0D04E300A8CD5F /* countries_capitals.json in Resources */ = {isa = PBXBuildFile; fileRef = AB8A75902B0D04E300A8CD5F /* countries_capitals.json */; };
		ABCA885C2B07219700F09268 /* AppModel.swift in Sources */ = {isa = PBXBuildFile; fileRef = ABCA885B2B07219700F09268 /* AppModel.swift */; };
		ABCA885E2B077E6700F09268 /* FlagWebView.swift in Sources */ = {isa = PBXBuildFile; fileRef = ABCA885D2B077E6700F09268 /* FlagWebView.swift */; };
		ABCA88602B07D0E300F09268 /* FlagMarkedView.swift in Sources */ = {isa = PBXBuildFile; fileRef = ABCA885F2B07D0E300F09268 /* FlagMarkedView.swift */; };
		ABCA88912B08BA5000F09268 /* SwiftGlobe.swift in Sources */ = {isa = PBXBuildFile; fileRef = ABCA88622B08BA5000F09268 /* SwiftGlobe.swift */; };
		ABCA88922B08BA5000F09268 /* GlowingMarker.swift in Sources */ = {isa = PBXBuildFile; fileRef = ABCA88632B08BA5000F09268 /* GlowingMarker.swift */; };
		ABCA88932B08BA5000F09268 /* yellowGlow-32x32.png in Resources */ = {isa = PBXBuildFile; fileRef = ABCA88662B08BA5000F09268 /* yellowGlow-32x32.png */; };
		ABCA88942B08BA5000F09268 /* whiteGlow-32x32.png in Resources */ = {isa = PBXBuildFile; fileRef = ABCA88672B08BA5000F09268 /* whiteGlow-32x32.png */; };
		ABCA88B92B08BA5000F09268 /* SwiftGlobe+DemoMarkers.swift in Sources */ = {isa = PBXBuildFile; fileRef = ABCA888F2B08BA5000F09268 /* SwiftGlobe+DemoMarkers.swift */; };
		ABCA88BA2B08BA5000F09268 /* SwiftGlobeView.swift in Sources */ = {isa = PBXBuildFile; fileRef = ABCA88902B08BA5000F09268 /* SwiftGlobeView.swift */; };
		ABD9F5562B05AB4500020D0B /* WebView.swift in Sources */ = {isa = PBXBuildFile; fileRef = ABD9F5552B05AB4500020D0B /* WebView.swift */; };
		ABE04E532B08C75600D46152 /* eso0932a_left.png in Resources */ = {isa = PBXBuildFile; fileRef = ABE04E462B08C75600D46152 /* eso0932a_left.png */; };
		ABE04E542B08C75600D46152 /* world-large.jpg in Resources */ = {isa = PBXBuildFile; fileRef = ABE04E472B08C75600D46152 /* world-large.jpg */; };
		ABE04E552B08C75600D46152 /* earth-specular.jpg in Resources */ = {isa = PBXBuildFile; fileRef = ABE04E482B08C75600D46152 /* earth-specular.jpg */; };
		ABE04E562B08C75600D46152 /* metalness.png in Resources */ = {isa = PBXBuildFile; fileRef = ABE04E492B08C75600D46152 /* metalness.png */; };
		ABE04E572B08C75600D46152 /* earth-bump.png in Resources */ = {isa = PBXBuildFile; fileRef = ABE04E4A2B08C75600D46152 /* earth-bump.png */; };
		ABE04E582B08C75600D46152 /* eso0932a_back.png in Resources */ = {isa = PBXBuildFile; fileRef = ABE04E4B2B08C75600D46152 /* eso0932a_back.png */; };
		ABE04E592B08C75600D46152 /* eso0932a_right.png in Resources */ = {isa = PBXBuildFile; fileRef = ABE04E4C2B08C75600D46152 /* eso0932a_right.png */; };
		ABE04E5A2B08C75600D46152 /* eso0932a_front.png in Resources */ = {isa = PBXBuildFile; fileRef = ABE04E4D2B08C75600D46152 /* eso0932a_front.png */; };
		ABE04E5B2B08C75600D46152 /* world-ultra.jpg in Resources */ = {isa = PBXBuildFile; fileRef = ABE04E4E2B08C75600D46152 /* world-ultra.jpg */; };
		ABE04E5C2B08C75600D46152 /* earth-emissive.jpg in Resources */ = {isa = PBXBuildFile; fileRef = ABE04E4F2B08C75600D46152 /* earth-emissive.jpg */; };
		ABE04E5D2B08C75600D46152 /* eso0932a_top.png in Resources */ = {isa = PBXBuildFile; fileRef = ABE04E502B08C75600D46152 /* eso0932a_top.png */; };
		ABE04E5E2B08C75600D46152 /* roughness.png in Resources */ = {isa = PBXBuildFile; fileRef = ABE04E512B08C75600D46152 /* roughness.png */; };
		ABE04E5F2B08C75600D46152 /* eso0932a_bottom.png in Resources */ = {isa = PBXBuildFile; fileRef = ABE04E522B08C75600D46152 /* eso0932a_bottom.png */; };
		ABE29FCC2AB3A03D0072F7C2 /* EarthFlagsApp.swift in Sources */ = {isa = PBXBuildFile; fileRef = ABE29FCB2AB3A03D0072F7C2 /* EarthFlagsApp.swift */; };
		ABE29FD02AB3A03E0072F7C2 /* Assets.xcassets in Resources */ = {isa = PBXBuildFile; fileRef = ABE29FCF2AB3A03E0072F7C2 /* Assets.xcassets */; };
		ABE29FD32AB3A03E0072F7C2 /* Preview Assets.xcassets in Resources */ = {isa = PBXBuildFile; fileRef = ABE29FD22AB3A03E0072F7C2 /* Preview Assets.xcassets */; };
		ABE29FDE2AB3A0860072F7C2 /* FlagListView.swift in Sources */ = {isa = PBXBuildFile; fileRef = ABE29FD92AB3A0860072F7C2 /* FlagListView.swift */; };
		ABE29FE72AB3A22E0072F7C2 /* jht.jpg in Resources */ = {isa = PBXBuildFile; fileRef = ABE29FE62AB3A22E0072F7C2 /* jht.jpg */; };
		ABF2F1CE2B05A83200696485 /* MainTabView.swift in Sources */ = {isa = PBXBuildFile; fileRef = ABF2F1CD2B05A83200696485 /* MainTabView.swift */; };
/* End PBXBuildFile section */

/* Begin PBXFileReference section */
		AB21D5BC2B0FC5A400D2BE3A /* Info.plist */ = {isa = PBXFileReference; lastKnownFileType = text.plist; path = Info.plist; sourceTree = "<group>"; };
		AB32E6402B014EA5009C8E7C /* countries.json */ = {isa = PBXFileReference; fileEncoding = 4; lastKnownFileType = text.json; path = countries.json; sourceTree = "<group>"; };
		AB32E6422B01632F009C8E7C /* Bundle-decode.swift */ = {isa = PBXFileReference; fileEncoding = 4; lastKnownFileType = sourcecode.swift; path = "Bundle-decode.swift"; sourceTree = "<group>"; };
		AB32E6442B016386009C8E7C /* FlagItem.swift */ = {isa = PBXFileReference; lastKnownFileType = sourcecode.swift; path = FlagItem.swift; sourceTree = "<group>"; };
		AB3DC89B2B0903F000F0E631 /* ViewController.swift */ = {isa = PBXFileReference; fileEncoding = 4; lastKnownFileType = sourcecode.swift; path = ViewController.swift; sourceTree = "<group>"; };
		AB3DC89C2B0903F000F0E631 /* Main.storyboard */ = {isa = PBXFileReference; fileEncoding = 4; lastKnownFileType = file.storyboard; path = Main.storyboard; sourceTree = "<group>"; };
		AB3DC89F2B0904DA00F0E631 /* SwiftGlobeBridgeView.swift */ = {isa = PBXFileReference; lastKnownFileType = sourcecode.swift; path = SwiftGlobeBridgeView.swift; sourceTree = "<group>"; };
		AB3DC8A62B09534A00F0E631 /* MapTabView.swift */ = {isa = PBXFileReference; fileEncoding = 4; lastKnownFileType = sourcecode.swift; path = MapTabView.swift; sourceTree = "<group>"; };
		AB3DC8A72B09534A00F0E631 /* LocationModel.swift */ = {isa = PBXFileReference; fileEncoding = 4; lastKnownFileType = sourcecode.swift; path = LocationModel.swift; sourceTree = "<group>"; };
		AB4E84822B03B58D00582923 /* README.md */ = {isa = PBXFileReference; fileEncoding = 4; lastKnownFileType = net.daringfireball.markdown; path = README.md; sourceTree = "<group>"; };
		AB4E84862B03DFB500582923 /* _notes.txt */ = {isa = PBXFileReference; fileEncoding = 4; lastKnownFileType = text; path = _notes.txt; sourceTree = "<group>"; };
		AB8A75902B0D04E300A8CD5F /* countries_capitals.json */ = {isa = PBXFileReference; fileEncoding = 4; lastKnownFileType = text.json; path = countries_capitals.json; sourceTree = "<group>"; };
		ABCA885B2B07219700F09268 /* AppModel.swift */ = {isa = PBXFileReference; lastKnownFileType = sourcecode.swift; path = AppModel.swift; sourceTree = "<group>"; };
		ABCA885D2B077E6700F09268 /* FlagWebView.swift */ = {isa = PBXFileReference; lastKnownFileType = sourcecode.swift; path = FlagWebView.swift; sourceTree = "<group>"; };
		ABCA885F2B07D0E300F09268 /* FlagMarkedView.swift */ = {isa = PBXFileReference; lastKnownFileType = sourcecode.swift; path = FlagMarkedView.swift; sourceTree = "<group>"; };
		ABCA88622B08BA5000F09268 /* SwiftGlobe.swift */ = {isa = PBXFileReference; fileEncoding = 4; lastKnownFileType = sourcecode.swift; path = SwiftGlobe.swift; sourceTree = "<group>"; };
		ABCA88632B08BA5000F09268 /* GlowingMarker.swift */ = {isa = PBXFileReference; fileEncoding = 4; lastKnownFileType = sourcecode.swift; path = GlowingMarker.swift; sourceTree = "<group>"; };
		ABCA88662B08BA5000F09268 /* yellowGlow-32x32.png */ = {isa = PBXFileReference; lastKnownFileType = image.png; path = "yellowGlow-32x32.png"; sourceTree = "<group>"; };
		ABCA88672B08BA5000F09268 /* whiteGlow-32x32.png */ = {isa = PBXFileReference; lastKnownFileType = image.png; path = "whiteGlow-32x32.png"; sourceTree = "<group>"; };
		ABCA888F2B08BA5000F09268 /* SwiftGlobe+DemoMarkers.swift */ = {isa = PBXFileReference; fileEncoding = 4; lastKnownFileType = sourcecode.swift; path = "SwiftGlobe+DemoMarkers.swift"; sourceTree = "<group>"; };
		ABCA88902B08BA5000F09268 /* SwiftGlobeView.swift */ = {isa = PBXFileReference; fileEncoding = 4; lastKnownFileType = sourcecode.swift; path = SwiftGlobeView.swift; sourceTree = "<group>"; };
		ABD9F5552B05AB4500020D0B /* WebView.swift */ = {isa = PBXFileReference; lastKnownFileType = sourcecode.swift; path = WebView.swift; sourceTree = "<group>"; };
		ABE04E462B08C75600D46152 /* eso0932a_left.png */ = {isa = PBXFileReference; lastKnownFileType = image.png; path = eso0932a_left.png; sourceTree = "<group>"; };
		ABE04E472B08C75600D46152 /* world-large.jpg */ = {isa = PBXFileReference; lastKnownFileType = image.jpeg; path = "world-large.jpg"; sourceTree = "<group>"; };
		ABE04E482B08C75600D46152 /* earth-specular.jpg */ = {isa = PBXFileReference; lastKnownFileType = image.jpeg; path = "earth-specular.jpg"; sourceTree = "<group>"; };
		ABE04E492B08C75600D46152 /* metalness.png */ = {isa = PBXFileReference; lastKnownFileType = image.png; path = metalness.png; sourceTree = "<group>"; };
		ABE04E4A2B08C75600D46152 /* earth-bump.png */ = {isa = PBXFileReference; lastKnownFileType = image.png; path = "earth-bump.png"; sourceTree = "<group>"; };
		ABE04E4B2B08C75600D46152 /* eso0932a_back.png */ = {isa = PBXFileReference; lastKnownFileType = image.png; path = eso0932a_back.png; sourceTree = "<group>"; };
		ABE04E4C2B08C75600D46152 /* eso0932a_right.png */ = {isa = PBXFileReference; lastKnownFileType = image.png; path = eso0932a_right.png; sourceTree = "<group>"; };
		ABE04E4D2B08C75600D46152 /* eso0932a_front.png */ = {isa = PBXFileReference; lastKnownFileType = image.png; path = eso0932a_front.png; sourceTree = "<group>"; };
		ABE04E4E2B08C75600D46152 /* world-ultra.jpg */ = {isa = PBXFileReference; lastKnownFileType = image.jpeg; path = "world-ultra.jpg"; sourceTree = "<group>"; };
		ABE04E4F2B08C75600D46152 /* earth-emissive.jpg */ = {isa = PBXFileReference; lastKnownFileType = image.jpeg; path = "earth-emissive.jpg"; sourceTree = "<group>"; };
		ABE04E502B08C75600D46152 /* eso0932a_top.png */ = {isa = PBXFileReference; lastKnownFileType = image.png; path = eso0932a_top.png; sourceTree = "<group>"; };
		ABE04E512B08C75600D46152 /* roughness.png */ = {isa = PBXFileReference; lastKnownFileType = image.png; path = roughness.png; sourceTree = "<group>"; };
		ABE04E522B08C75600D46152 /* eso0932a_bottom.png */ = {isa = PBXFileReference; lastKnownFileType = image.png; path = eso0932a_bottom.png; sourceTree = "<group>"; };
		ABE29FC82AB3A03D0072F7C2 /* EarthFlags.app */ = {isa = PBXFileReference; explicitFileType = wrapper.application; includeInIndex = 0; path = EarthFlags.app; sourceTree = BUILT_PRODUCTS_DIR; };
		ABE29FCB2AB3A03D0072F7C2 /* EarthFlagsApp.swift */ = {isa = PBXFileReference; lastKnownFileType = sourcecode.swift; path = EarthFlagsApp.swift; sourceTree = "<group>"; };
		ABE29FCF2AB3A03E0072F7C2 /* Assets.xcassets */ = {isa = PBXFileReference; lastKnownFileType = folder.assetcatalog; path = Assets.xcassets; sourceTree = "<group>"; };
		ABE29FD22AB3A03E0072F7C2 /* Preview Assets.xcassets */ = {isa = PBXFileReference; lastKnownFileType = folder.assetcatalog; path = "Preview Assets.xcassets"; sourceTree = "<group>"; };
		ABE29FD92AB3A0860072F7C2 /* FlagListView.swift */ = {isa = PBXFileReference; fileEncoding = 4; lastKnownFileType = sourcecode.swift; path = FlagListView.swift; sourceTree = "<group>"; };
		ABE29FE62AB3A22E0072F7C2 /* jht.jpg */ = {isa = PBXFileReference; lastKnownFileType = image.jpeg; path = jht.jpg; sourceTree = "<group>"; };
		ABF2F1CD2B05A83200696485 /* MainTabView.swift */ = {isa = PBXFileReference; lastKnownFileType = sourcecode.swift; path = MainTabView.swift; sourceTree = "<group>"; };
/* End PBXFileReference section */

/* Begin PBXFrameworksBuildPhase section */
		ABE29FC52AB3A03D0072F7C2 /* Frameworks */ = {
			isa = PBXFrameworksBuildPhase;
			buildActionMask = 2147483647;
			files = (
			);
			runOnlyForDeploymentPostprocessing = 0;
		};
/* End PBXFrameworksBuildPhase section */

/* Begin PBXGroup section */
		AB3DC89A2B0903F000F0E631 /* SwiftGlobe-iOS */ = {
			isa = PBXGroup;
			children = (
				AB3DC89F2B0904DA00F0E631 /* SwiftGlobeBridgeView.swift */,
				AB3DC89B2B0903F000F0E631 /* ViewController.swift */,
				AB3DC89C2B0903F000F0E631 /* Main.storyboard */,
			);
			path = "SwiftGlobe-iOS";
			sourceTree = "<group>";
		};
		AB3DC8A52B09534A00F0E631 /* Map */ = {
			isa = PBXGroup;
			children = (
				AB3DC8A62B09534A00F0E631 /* MapTabView.swift */,
				AB3DC8A72B09534A00F0E631 /* LocationModel.swift */,
			);
			path = Map;
			sourceTree = "<group>";
		};
		ABCA88612B08BA5000F09268 /* SwiftGlobe */ = {
			isa = PBXGroup;
			children = (
				ABCA88902B08BA5000F09268 /* SwiftGlobeView.swift */,
				ABCA88622B08BA5000F09268 /* SwiftGlobe.swift */,
				ABCA888F2B08BA5000F09268 /* SwiftGlobe+DemoMarkers.swift */,
				ABCA88632B08BA5000F09268 /* GlowingMarker.swift */,
				ABCA88642B08BA5000F09268 /* Resources */,
			);
			path = SwiftGlobe;
			sourceTree = "<group>";
		};
		ABCA88642B08BA5000F09268 /* Resources */ = {
			isa = PBXGroup;
			children = (
				ABCA88652B08BA5000F09268 /* images */,
			);
			path = Resources;
			sourceTree = "<group>";
		};
		ABCA88652B08BA5000F09268 /* images */ = {
			isa = PBXGroup;
			children = (
				ABE04E452B08C75600D46152 /* earth */,
				ABCA88662B08BA5000F09268 /* yellowGlow-32x32.png */,
				ABCA88672B08BA5000F09268 /* whiteGlow-32x32.png */,
			);
			path = images;
			sourceTree = "<group>";
		};
		ABE04E452B08C75600D46152 /* earth */ = {
			isa = PBXGroup;
			children = (
				ABE04E462B08C75600D46152 /* eso0932a_left.png */,
				ABE04E472B08C75600D46152 /* world-large.jpg */,
				ABE04E482B08C75600D46152 /* earth-specular.jpg */,
				ABE04E492B08C75600D46152 /* metalness.png */,
				ABE04E4A2B08C75600D46152 /* earth-bump.png */,
				ABE04E4B2B08C75600D46152 /* eso0932a_back.png */,
				ABE04E4C2B08C75600D46152 /* eso0932a_right.png */,
				ABE04E4D2B08C75600D46152 /* eso0932a_front.png */,
				ABE04E4E2B08C75600D46152 /* world-ultra.jpg */,
				ABE04E4F2B08C75600D46152 /* earth-emissive.jpg */,
				ABE04E502B08C75600D46152 /* eso0932a_top.png */,
				ABE04E512B08C75600D46152 /* roughness.png */,
				ABE04E522B08C75600D46152 /* eso0932a_bottom.png */,
			);
			path = earth;
			sourceTree = "<group>";
		};
		ABE29FBF2AB3A03D0072F7C2 = {
			isa = PBXGroup;
			children = (
				AB4E84822B03B58D00582923 /* README.md */,
				AB4E84862B03DFB500582923 /* _notes.txt */,
				ABE29FCA2AB3A03D0072F7C2 /* EarthFlags */,
				ABE29FC92AB3A03D0072F7C2 /* Products */,
			);
			sourceTree = "<group>";
		};
		ABE29FC92AB3A03D0072F7C2 /* Products */ = {
			isa = PBXGroup;
			children = (
				ABE29FC82AB3A03D0072F7C2 /* EarthFlags.app */,
			);
			name = Products;
			sourceTree = "<group>";
		};
		ABE29FCA2AB3A03D0072F7C2 /* EarthFlags */ = {
			isa = PBXGroup;
			children = (
				AB21D5BC2B0FC5A400D2BE3A /* Info.plist */,
				ABE29FCB2AB3A03D0072F7C2 /* EarthFlagsApp.swift */,
				ABCA885B2B07219700F09268 /* AppModel.swift */,
				ABF2F1CD2B05A83200696485 /* MainTabView.swift */,
				ABE29FD92AB3A0860072F7C2 /* FlagListView.swift */,
				ABCA885F2B07D0E300F09268 /* FlagMarkedView.swift */,
				ABCA885D2B077E6700F09268 /* FlagWebView.swift */,
				AB32E6442B016386009C8E7C /* FlagItem.swift */,
				ABD9F5552B05AB4500020D0B /* WebView.swift */,
				AB32E6422B01632F009C8E7C /* Bundle-decode.swift */,
				AB3DC8A52B09534A00F0E631 /* Map */,
				AB3DC89A2B0903F000F0E631 /* SwiftGlobe-iOS */,
				ABCA88612B08BA5000F09268 /* SwiftGlobe */,
				ABE29FCF2AB3A03E0072F7C2 /* Assets.xcassets */,
				ABE29FE52AB3A1E70072F7C2 /* Resources */,
				ABE29FD12AB3A03E0072F7C2 /* Preview Content */,
			);
			path = EarthFlags;
			sourceTree = "<group>";
		};
		ABE29FD12AB3A03E0072F7C2 /* Preview Content */ = {
			isa = PBXGroup;
			children = (
				ABE29FD22AB3A03E0072F7C2 /* Preview Assets.xcassets */,
			);
			path = "Preview Content";
			sourceTree = "<group>";
		};
		ABE29FE52AB3A1E70072F7C2 /* Resources */ = {
			isa = PBXGroup;
			children = (
				AB32E6402B014EA5009C8E7C /* countries.json */,
				AB8A75902B0D04E300A8CD5F /* countries_capitals.json */,
				ABE29FE62AB3A22E0072F7C2 /* jht.jpg */,
			);
			path = Resources;
			sourceTree = "<group>";
		};
/* End PBXGroup section */

/* Begin PBXNativeTarget section */
		ABE29FC72AB3A03D0072F7C2 /* EarthFlags */ = {
			isa = PBXNativeTarget;
			buildConfigurationList = ABE29FD62AB3A03E0072F7C2 /* Build configuration list for PBXNativeTarget "EarthFlags" */;
			buildPhases = (
				ABE29FC42AB3A03D0072F7C2 /* Sources */,
				ABE29FC52AB3A03D0072F7C2 /* Frameworks */,
				ABE29FC62AB3A03D0072F7C2 /* Resources */,
			);
			buildRules = (
			);
			dependencies = (
			);
			name = EarthFlags;
			productName = "ImageUiDemo-urls";
			productReference = ABE29FC82AB3A03D0072F7C2 /* EarthFlags.app */;
			productType = "com.apple.product-type.application";
		};
/* End PBXNativeTarget section */

/* Begin PBXProject section */
		ABE29FC02AB3A03D0072F7C2 /* Project object */ = {
			isa = PBXProject;
			attributes = {
				BuildIndependentTargetsInParallel = 1;
				LastSwiftUpdateCheck = 1430;
				LastUpgradeCheck = 1500;
				TargetAttributes = {
					ABE29FC72AB3A03D0072F7C2 = {
						CreatedOnToolsVersion = 14.3.1;
					};
				};
			};
			buildConfigurationList = ABE29FC32AB3A03D0072F7C2 /* Build configuration list for PBXProject "EarthFlags" */;
			compatibilityVersion = "Xcode 14.0";
			developmentRegion = en;
			hasScannedForEncodings = 0;
			knownRegions = (
				en,
				Base,
			);
			mainGroup = ABE29FBF2AB3A03D0072F7C2;
			productRefGroup = ABE29FC92AB3A03D0072F7C2 /* Products */;
			projectDirPath = "";
			projectRoot = "";
			targets = (
				ABE29FC72AB3A03D0072F7C2 /* EarthFlags */,
			);
		};
/* End PBXProject section */

/* Begin PBXResourcesBuildPhase section */
		ABE29FC62AB3A03D0072F7C2 /* Resources */ = {
			isa = PBXResourcesBuildPhase;
			buildActionMask = 2147483647;
			files = (
				ABE04E542B08C75600D46152 /* world-large.jpg in Resources */,
				ABE04E5C2B08C75600D46152 /* earth-emissive.jpg in Resources */,
				AB8A75912B0D04E300A8CD5F /* countries_capitals.json in Resources */,
				ABE29FE72AB3A22E0072F7C2 /* jht.jpg in Resources */,
				ABE04E552B08C75600D46152 /* earth-specular.jpg in Resources */,
				ABE04E5D2B08C75600D46152 /* eso0932a_top.png in Resources */,
				AB3DC89E2B0903F000F0E631 /* Main.storyboard in Resources */,
				ABE04E5A2B08C75600D46152 /* eso0932a_front.png in Resources */,
				ABE04E532B08C75600D46152 /* eso0932a_left.png in Resources */,
				ABE29FD32AB3A03E0072F7C2 /* Preview Assets.xcassets in Resources */,
				ABE04E592B08C75600D46152 /* eso0932a_right.png in Resources */,
				ABE04E572B08C75600D46152 /* earth-bump.png in Resources */,
				ABE04E5E2B08C75600D46152 /* roughness.png in Resources */,
				ABE04E5B2B08C75600D46152 /* world-ultra.jpg in Resources */,
				ABE04E582B08C75600D46152 /* eso0932a_back.png in Resources */,
				ABCA88932B08BA5000F09268 /* yellowGlow-32x32.png in Resources */,
				AB4E84872B03DFB500582923 /* _notes.txt in Resources */,
				ABE04E5F2B08C75600D46152 /* eso0932a_bottom.png in Resources */,
				AB4E84832B03B58D00582923 /* README.md in Resources */,
				ABE04E562B08C75600D46152 /* metalness.png in Resources */,
				AB32E6412B014EA5009C8E7C /* countries.json in Resources */,
				ABE29FD02AB3A03E0072F7C2 /* Assets.xcassets in Resources */,
				ABCA88942B08BA5000F09268 /* whiteGlow-32x32.png in Resources */,
			);
			runOnlyForDeploymentPostprocessing = 0;
		};
/* End PBXResourcesBuildPhase section */

/* Begin PBXSourcesBuildPhase section */
		ABE29FC42AB3A03D0072F7C2 /* Sources */ = {
			isa = PBXSourcesBuildPhase;
			buildActionMask = 2147483647;
			files = (
				ABCA885C2B07219700F09268 /* AppModel.swift in Sources */,
				AB3DC8A92B09534A00F0E631 /* LocationModel.swift in Sources */,
				ABCA88602B07D0E300F09268 /* FlagMarkedView.swift in Sources */,
				ABE29FDE2AB3A0860072F7C2 /* FlagListView.swift in Sources */,
				AB32E6452B016386009C8E7C /* FlagItem.swift in Sources */,
				AB3DC89D2B0903F000F0E631 /* ViewController.swift in Sources */,
				AB32E6432B01632F009C8E7C /* Bundle-decode.swift in Sources */,
				ABD9F5562B05AB4500020D0B /* WebView.swift in Sources */,
				ABF2F1CE2B05A83200696485 /* MainTabView.swift in Sources */,
				ABCA88912B08BA5000F09268 /* SwiftGlobe.swift in Sources */,
				ABCA88922B08BA5000F09268 /* GlowingMarker.swift in Sources */,
				AB3DC8A02B0904DA00F0E631 /* SwiftGlobeBridgeView.swift in Sources */,
				AB3DC8A82B09534A00F0E631 /* MapTabView.swift in Sources */,
				ABE29FCC2AB3A03D0072F7C2 /* EarthFlagsApp.swift in Sources */,
				ABCA88B92B08BA5000F09268 /* SwiftGlobe+DemoMarkers.swift in Sources */,
				ABCA88BA2B08BA5000F09268 /* SwiftGlobeView.swift in Sources */,
				ABCA885E2B077E6700F09268 /* FlagWebView.swift in Sources */,
			);
			runOnlyForDeploymentPostprocessing = 0;
		};
/* End PBXSourcesBuildPhase section */

/* Begin XCBuildConfiguration section */
		ABE29FD42AB3A03E0072F7C2 /* Debug */ = {
			isa = XCBuildConfiguration;
			buildSettings = {
				ALWAYS_SEARCH_USER_PATHS = NO;
				CLANG_ANALYZER_NONNULL = YES;
				CLANG_ANALYZER_NUMBER_OBJECT_CONVERSION = YES_AGGRESSIVE;
				CLANG_CXX_LANGUAGE_STANDARD = "gnu++20";
				CLANG_ENABLE_MODULES = YES;
				CLANG_ENABLE_OBJC_ARC = YES;
				CLANG_ENABLE_OBJC_WEAK = YES;
				CLANG_WARN_BLOCK_CAPTURE_AUTORELEASING = YES;
				CLANG_WARN_BOOL_CONVERSION = YES;
				CLANG_WARN_COMMA = YES;
				CLANG_WARN_CONSTANT_CONVERSION = YES;
				CLANG_WARN_DEPRECATED_OBJC_IMPLEMENTATIONS = YES;
				CLANG_WARN_DIRECT_OBJC_ISA_USAGE = YES_ERROR;
				CLANG_WARN_DOCUMENTATION_COMMENTS = YES;
				CLANG_WARN_EMPTY_BODY = YES;
				CLANG_WARN_ENUM_CONVERSION = YES;
				CLANG_WARN_INFINITE_RECURSION = YES;
				CLANG_WARN_INT_CONVERSION = YES;
				CLANG_WARN_NON_LITERAL_NULL_CONVERSION = YES;
				CLANG_WARN_OBJC_IMPLICIT_RETAIN_SELF = YES;
				CLANG_WARN_OBJC_LITERAL_CONVERSION = YES;
				CLANG_WARN_OBJC_ROOT_CLASS = YES_ERROR;
				CLANG_WARN_QUOTED_INCLUDE_IN_FRAMEWORK_HEADER = YES;
				CLANG_WARN_RANGE_LOOP_ANALYSIS = YES;
				CLANG_WARN_STRICT_PROTOTYPES = YES;
				CLANG_WARN_SUSPICIOUS_MOVE = YES;
				CLANG_WARN_UNGUARDED_AVAILABILITY = YES_AGGRESSIVE;
				CLANG_WARN_UNREACHABLE_CODE = YES;
				CLANG_WARN__DUPLICATE_METHOD_MATCH = YES;
				COPY_PHASE_STRIP = NO;
				DEBUG_INFORMATION_FORMAT = dwarf;
				ENABLE_STRICT_OBJC_MSGSEND = YES;
				ENABLE_TESTABILITY = YES;
				ENABLE_USER_SCRIPT_SANDBOXING = YES;
				GCC_C_LANGUAGE_STANDARD = gnu11;
				GCC_DYNAMIC_NO_PIC = NO;
				GCC_NO_COMMON_BLOCKS = YES;
				GCC_OPTIMIZATION_LEVEL = 0;
				GCC_PREPROCESSOR_DEFINITIONS = (
					"DEBUG=1",
					"$(inherited)",
				);
				GCC_WARN_64_TO_32_BIT_CONVERSION = YES;
				GCC_WARN_ABOUT_RETURN_TYPE = YES_ERROR;
				GCC_WARN_UNDECLARED_SELECTOR = YES;
				GCC_WARN_UNINITIALIZED_AUTOS = YES_AGGRESSIVE;
				GCC_WARN_UNUSED_FUNCTION = YES;
				GCC_WARN_UNUSED_VARIABLE = YES;
				IPHONEOS_DEPLOYMENT_TARGET = 16.4;
				MTL_ENABLE_DEBUG_INFO = INCLUDE_SOURCE;
				MTL_FAST_MATH = YES;
				ONLY_ACTIVE_ARCH = YES;
				SDKROOT = iphoneos;
				SWIFT_ACTIVE_COMPILATION_CONDITIONS = DEBUG;
				SWIFT_OPTIMIZATION_LEVEL = "-Onone";
			};
			name = Debug;
		};
		ABE29FD52AB3A03E0072F7C2 /* Release */ = {
			isa = XCBuildConfiguration;
			buildSettings = {
				ALWAYS_SEARCH_USER_PATHS = NO;
				CLANG_ANALYZER_NONNULL = YES;
				CLANG_ANALYZER_NUMBER_OBJECT_CONVERSION = YES_AGGRESSIVE;
				CLANG_CXX_LANGUAGE_STANDARD = "gnu++20";
				CLANG_ENABLE_MODULES = YES;
				CLANG_ENABLE_OBJC_ARC = YES;
				CLANG_ENABLE_OBJC_WEAK = YES;
				CLANG_WARN_BLOCK_CAPTURE_AUTORELEASING = YES;
				CLANG_WARN_BOOL_CONVERSION = YES;
				CLANG_WARN_COMMA = YES;
				CLANG_WARN_CONSTANT_CONVERSION = YES;
				CLANG_WARN_DEPRECATED_OBJC_IMPLEMENTATIONS = YES;
				CLANG_WARN_DIRECT_OBJC_ISA_USAGE = YES_ERROR;
				CLANG_WARN_DOCUMENTATION_COMMENTS = YES;
				CLANG_WARN_EMPTY_BODY = YES;
				CLANG_WARN_ENUM_CONVERSION = YES;
				CLANG_WARN_INFINITE_RECURSION = YES;
				CLANG_WARN_INT_CONVERSION = YES;
				CLANG_WARN_NON_LITERAL_NULL_CONVERSION = YES;
				CLANG_WARN_OBJC_IMPLICIT_RETAIN_SELF = YES;
				CLANG_WARN_OBJC_LITERAL_CONVERSION = YES;
				CLANG_WARN_OBJC_ROOT_CLASS = YES_ERROR;
				CLANG_WARN_QUOTED_INCLUDE_IN_FRAMEWORK_HEADER = YES;
				CLANG_WARN_RANGE_LOOP_ANALYSIS = YES;
				CLANG_WARN_STRICT_PROTOTYPES = YES;
				CLANG_WARN_SUSPICIOUS_MOVE = YES;
				CLANG_WARN_UNGUARDED_AVAILABILITY = YES_AGGRESSIVE;
				CLANG_WARN_UNREACHABLE_CODE = YES;
				CLANG_WARN__DUPLICATE_METHOD_MATCH = YES;
				COPY_PHASE_STRIP = NO;
				DEBUG_INFORMATION_FORMAT = "dwarf-with-dsym";
				ENABLE_NS_ASSERTIONS = NO;
				ENABLE_STRICT_OBJC_MSGSEND = YES;
				ENABLE_USER_SCRIPT_SANDBOXING = YES;
				GCC_C_LANGUAGE_STANDARD = gnu11;
				GCC_NO_COMMON_BLOCKS = YES;
				GCC_WARN_64_TO_32_BIT_CONVERSION = YES;
				GCC_WARN_ABOUT_RETURN_TYPE = YES_ERROR;
				GCC_WARN_UNDECLARED_SELECTOR = YES;
				GCC_WARN_UNINITIALIZED_AUTOS = YES_AGGRESSIVE;
				GCC_WARN_UNUSED_FUNCTION = YES;
				GCC_WARN_UNUSED_VARIABLE = YES;
				IPHONEOS_DEPLOYMENT_TARGET = 16.4;
				MTL_ENABLE_DEBUG_INFO = NO;
				MTL_FAST_MATH = YES;
				SDKROOT = iphoneos;
				SWIFT_COMPILATION_MODE = wholemodule;
				SWIFT_OPTIMIZATION_LEVEL = "-O";
				VALIDATE_PRODUCT = YES;
			};
			name = Release;
		};
		ABE29FD72AB3A03E0072F7C2 /* Debug */ = {
			isa = XCBuildConfiguration;
			buildSettings = {
				ASSETCATALOG_COMPILER_APPICON_NAME = AppIcon;
				ASSETCATALOG_COMPILER_GLOBAL_ACCENT_COLOR_NAME = AccentColor;
				CODE_SIGN_STYLE = Automatic;
				CURRENT_PROJECT_VERSION = 3;
				DEVELOPMENT_ASSET_PATHS = "\"EarthFlags/Preview Content\"";
				DEVELOPMENT_TEAM = 3RCW2SSL8G;
				ENABLE_PREVIEWS = YES;
				GENERATE_INFOPLIST_FILE = YES;
				INFOPLIST_FILE = EarthFlags/Info.plist;
				INFOPLIST_KEY_UIApplicationSceneManifest_Generation = YES;
				INFOPLIST_KEY_UIApplicationSupportsIndirectInputEvents = YES;
				INFOPLIST_KEY_UILaunchScreen_Generation = YES;
				INFOPLIST_KEY_UISupportedInterfaceOrientations_iPad = "UIInterfaceOrientationPortrait UIInterfaceOrientationPortraitUpsideDown UIInterfaceOrientationLandscapeLeft UIInterfaceOrientationLandscapeRight";
				INFOPLIST_KEY_UISupportedInterfaceOrientations_iPhone = "UIInterfaceOrientationPortrait UIInterfaceOrientationLandscapeLeft UIInterfaceOrientationLandscapeRight";
				LD_RUNPATH_SEARCH_PATHS = (
					"$(inherited)",
					"@executable_path/Frameworks",
				);
				MARKETING_VERSION = 1.0;
				PRODUCT_BUNDLE_IDENTIFIER = com.jht1900.EarthFlags;
				PRODUCT_NAME = "$(TARGET_NAME)";
				SWIFT_EMIT_LOC_STRINGS = YES;
				SWIFT_VERSION = 5.0;
				TARGETED_DEVICE_FAMILY = "1,2";
			};
			name = Debug;
		};
		ABE29FD82AB3A03E0072F7C2 /* Release */ = {
			isa = XCBuildConfiguration;
			buildSettings = {
				ASSETCATALOG_COMPILER_APPICON_NAME = AppIcon;
				ASSETCATALOG_COMPILER_GLOBAL_ACCENT_COLOR_NAME = AccentColor;
				CODE_SIGN_STYLE = Automatic;
				CURRENT_PROJECT_VERSION = 3;
				DEVELOPMENT_ASSET_PATHS = "\"EarthFlags/Preview Content\"";
				DEVELOPMENT_TEAM = 3RCW2SSL8G;
				ENABLE_PREVIEWS = YES;
				GENERATE_INFOPLIST_FILE = YES;
				INFOPLIST_FILE = EarthFlags/Info.plist;
				INFOPLIST_KEY_UIApplicationSceneManifest_Generation = YES;
				INFOPLIST_KEY_UIApplicationSupportsIndirectInputEvents = YES;
				INFOPLIST_KEY_UILaunchScreen_Generation = YES;
				INFOPLIST_KEY_UISupportedInterfaceOrientations_iPad = "UIInterfaceOrientationPortrait UIInterfaceOrientationPortraitUpsideDown UIInterfaceOrientationLandscapeLeft UIInterfaceOrientationLandscapeRight";
				INFOPLIST_KEY_UISupportedInterfaceOrientations_iPhone = "UIInterfaceOrientationPortrait UIInterfaceOrientationLandscapeLeft UIInterfaceOrientationLandscapeRight";
				LD_RUNPATH_SEARCH_PATHS = (
					"$(inherited)",
					"@executable_path/Frameworks",
				);
				MARKETING_VERSION = 1.0;
				PRODUCT_BUNDLE_IDENTIFIER = com.jht1900.EarthFlags;
				PRODUCT_NAME = "$(TARGET_NAME)";
				SWIFT_EMIT_LOC_STRINGS = YES;
				SWIFT_VERSION = 5.0;
				TARGETED_DEVICE_FAMILY = "1,2";
			};
			name = Release;
		};
/* End XCBuildConfiguration section */

/* Begin XCConfigurationList section */
		ABE29FC32AB3A03D0072F7C2 /* Build configuration list for PBXProject "EarthFlags" */ = {
			isa = XCConfigurationList;
			buildConfigurations = (
				ABE29FD42AB3A03E0072F7C2 /* Debug */,
				ABE29FD52AB3A03E0072F7C2 /* Release */,
			);
			defaultConfigurationIsVisible = 0;
			defaultConfigurationName = Release;
		};
		ABE29FD62AB3A03E0072F7C2 /* Build configuration list for PBXNativeTarget "EarthFlags" */ = {
			isa = XCConfigurationList;
			buildConfigurations = (
				ABE29FD72AB3A03E0072F7C2 /* Debug */,
				ABE29FD82AB3A03E0072F7C2 /* Release */,
			);
			defaultConfigurationIsVisible = 0;
			defaultConfigurationName = Release;
		};
/* End XCConfigurationList section */
	};
	rootObject = ABE29FC02AB3A03D0072F7C2 /* Project object */;
}
